// !$*UTF8*$!
{
	archiveVersion = 1;
	classes = {
	};
	objectVersion = 50;
	objects = {

/* Begin PBXBuildFile section */
		93BC300F2CAFB7FED802CC10 /* Pods_MovileHack.framework in Frameworks */ = {isa = PBXBuildFile; fileRef = CA85567DEBE717324BAA7831 /* Pods_MovileHack.framework */; };
		A74423D82128AA3600FDF37D /* ShowProduct.storyboard in Resources */ = {isa = PBXBuildFile; fileRef = A74423D72128AA3600FDF37D /* ShowProduct.storyboard */; };
		A74423DA2128B37C00FDF37D /* MyMeals.storyboard in Resources */ = {isa = PBXBuildFile; fileRef = A74423D92128B37C00FDF37D /* MyMeals.storyboard */; };
		A74423DD2128B40A00FDF37D /* MyMealsViewController.swift in Sources */ = {isa = PBXBuildFile; fileRef = A74423DC2128B40A00FDF37D /* MyMealsViewController.swift */; };
		A74423DF2128B4AF00FDF37D /* Meal.swift in Sources */ = {isa = PBXBuildFile; fileRef = A74423DE2128B4AF00FDF37D /* Meal.swift */; };
		A74423E52128B5A400FDF37D /* MyMealsTableViewCell.swift in Sources */ = {isa = PBXBuildFile; fileRef = A74423E32128B5A400FDF37D /* MyMealsTableViewCell.swift */; };
		A74423E62128B5A400FDF37D /* MyMealsTableViewCell.xib in Resources */ = {isa = PBXBuildFile; fileRef = A74423E42128B5A400FDF37D /* MyMealsTableViewCell.xib */; };
		A74423E92128BFA600FDF37D /* CTAButton.swift in Sources */ = {isa = PBXBuildFile; fileRef = A74423E82128BFA600FDF37D /* CTAButton.swift */; };
		A7A0FDCF2128C5CC00E76759 /* ProductSelectionTableViewCell.swift in Sources */ = {isa = PBXBuildFile; fileRef = A7A0FDCD2128C5CC00E76759 /* ProductSelectionTableViewCell.swift */; };
		A7A0FDD02128C5CC00E76759 /* ProductSelectionTableViewCell.xib in Resources */ = {isa = PBXBuildFile; fileRef = A7A0FDCE2128C5CC00E76759 /* ProductSelectionTableViewCell.xib */; };
		A7A0FDD42128C83400E76759 /* ProductSelectionSectionHeaderView.swift in Sources */ = {isa = PBXBuildFile; fileRef = A7A0FDD32128C83400E76759 /* ProductSelectionSectionHeaderView.swift */; };
		A7A0FDD62128C85000E76759 /* ProductSelectionSectionHeaderView.xib in Resources */ = {isa = PBXBuildFile; fileRef = A7A0FDD52128C85000E76759 /* ProductSelectionSectionHeaderView.xib */; };
		A7A0FDD82128C8D000E76759 /* BaseView.swift in Sources */ = {isa = PBXBuildFile; fileRef = A7A0FDD72128C8D000E76759 /* BaseView.swift */; };
		A7A0FDDA2128DD5400E76759 /* BaseViewController.swift in Sources */ = {isa = PBXBuildFile; fileRef = A7A0FDD92128DD5400E76759 /* BaseViewController.swift */; };
		E48BF80321288A8100B6C514 /* AppDelegate.swift in Sources */ = {isa = PBXBuildFile; fileRef = E48BF80221288A8100B6C514 /* AppDelegate.swift */; };
		E48BF80821288A8100B6C514 /* Main.storyboard in Resources */ = {isa = PBXBuildFile; fileRef = E48BF80621288A8100B6C514 /* Main.storyboard */; };
		E48BF80A21288A8200B6C514 /* Assets.xcassets in Resources */ = {isa = PBXBuildFile; fileRef = E48BF80921288A8200B6C514 /* Assets.xcassets */; };
		E48BF80D21288A8200B6C514 /* LaunchScreen.storyboard in Resources */ = {isa = PBXBuildFile; fileRef = E48BF80B21288A8200B6C514 /* LaunchScreen.storyboard */; };
		E48BF81821288A8200B6C514 /* MovileHackTests.swift in Sources */ = {isa = PBXBuildFile; fileRef = E48BF81721288A8200B6C514 /* MovileHackTests.swift */; };
		E48BF83A2128A3FB00B6C514 /* StoryboardExtension.swift in Sources */ = {isa = PBXBuildFile; fileRef = E48BF8392128A3FB00B6C514 /* StoryboardExtension.swift */; };
		E48BF83D2128A42A00B6C514 /* NavigationConstants.swift in Sources */ = {isa = PBXBuildFile; fileRef = E48BF83C2128A42A00B6C514 /* NavigationConstants.swift */; };
		E48BF83F2128A5CD00B6C514 /* PaymentViewController.swift in Sources */ = {isa = PBXBuildFile; fileRef = E48BF83E2128A5CD00B6C514 /* PaymentViewController.swift */; };
		E48BF8422128A5E200B6C514 /* Payment.storyboard in Resources */ = {isa = PBXBuildFile; fileRef = E48BF8412128A5E200B6C514 /* Payment.storyboard */; };
		E48BF8442128A92400B6C514 /* GraphsViewController.swift in Sources */ = {isa = PBXBuildFile; fileRef = E48BF8432128A92400B6C514 /* GraphsViewController.swift */; };
		E48BF8462128A92C00B6C514 /* LoginViewController.swift in Sources */ = {isa = PBXBuildFile; fileRef = E48BF8452128A92C00B6C514 /* LoginViewController.swift */; };
		E48BF8482128A93600B6C514 /* MarketViewController.swift in Sources */ = {isa = PBXBuildFile; fileRef = E48BF8472128A93600B6C514 /* MarketViewController.swift */; };
		E48BF84A2128A94300B6C514 /* ShowMealViewController.swift in Sources */ = {isa = PBXBuildFile; fileRef = E48BF8492128A94300B6C514 /* ShowMealViewController.swift */; };
		E48BF84C2128A94D00B6C514 /* ShowMenuViewController.swift in Sources */ = {isa = PBXBuildFile; fileRef = E48BF84B2128A94D00B6C514 /* ShowMenuViewController.swift */; };
		E48BF84E2128A95600B6C514 /* ShowProductViewController.swift in Sources */ = {isa = PBXBuildFile; fileRef = E48BF84D2128A95600B6C514 /* ShowProductViewController.swift */; };
		E48BF8502128A96000B6C514 /* ShowPurveyorViewController.swift in Sources */ = {isa = PBXBuildFile; fileRef = E48BF84F2128A96000B6C514 /* ShowPurveyorViewController.swift */; };
		E48BF8522128A97500B6C514 /* ShowRestaurantViewController.swift in Sources */ = {isa = PBXBuildFile; fileRef = E48BF8512128A97500B6C514 /* ShowRestaurantViewController.swift */; };
		E48BF8542128A98100B6C514 /* RegisterMealViewController.swift in Sources */ = {isa = PBXBuildFile; fileRef = E48BF8532128A98100B6C514 /* RegisterMealViewController.swift */; };
		E48BF8562128A98C00B6C514 /* RegisterMenuViewController.swift in Sources */ = {isa = PBXBuildFile; fileRef = E48BF8552128A98C00B6C514 /* RegisterMenuViewController.swift */; };
		E48BF8582128A99500B6C514 /* RegisterProductViewController.swift in Sources */ = {isa = PBXBuildFile; fileRef = E48BF8572128A99500B6C514 /* RegisterProductViewController.swift */; };
		E48BF85A2128A9A000B6C514 /* RegisterPurveyorViewController.swift in Sources */ = {isa = PBXBuildFile; fileRef = E48BF8592128A9A000B6C514 /* RegisterPurveyorViewController.swift */; };
		E48BF85C2128A9A900B6C514 /* RegisterRestaurantViewController.swift in Sources */ = {isa = PBXBuildFile; fileRef = E48BF85B2128A9A900B6C514 /* RegisterRestaurantViewController.swift */; };
		E48BF85E2128A9B000B6C514 /* SearchViewController.swift in Sources */ = {isa = PBXBuildFile; fileRef = E48BF85D2128A9B000B6C514 /* SearchViewController.swift */; };
		E48BF8602128A9B800B6C514 /* ShoppingCartViewController.swift in Sources */ = {isa = PBXBuildFile; fileRef = E48BF85F2128A9B800B6C514 /* ShoppingCartViewController.swift */; };
		E48BF8622128A9C200B6C514 /* Parser.swift in Sources */ = {isa = PBXBuildFile; fileRef = E48BF8612128A9C200B6C514 /* Parser.swift */; };
		E48BF8642128A9C900B6C514 /* Serivce.swift in Sources */ = {isa = PBXBuildFile; fileRef = E48BF8632128A9C900B6C514 /* Serivce.swift */; };
		E48BF8682128B3C200B6C514 /* MealQuantity.storyboard in Resources */ = {isa = PBXBuildFile; fileRef = E48BF8672128B3C200B6C514 /* MealQuantity.storyboard */; };
		E48BF86A2128B68100B6C514 /* MealQuantityViewController.swift in Sources */ = {isa = PBXBuildFile; fileRef = E48BF8692128B68100B6C514 /* MealQuantityViewController.swift */; };
		E48BF86C2128B7DF00B6C514 /* ProductSelectionViewController.swift in Sources */ = {isa = PBXBuildFile; fileRef = E48BF86B2128B7DF00B6C514 /* ProductSelectionViewController.swift */; };
		E48BF86E2128B7F600B6C514 /* ProductSelection.storyboard in Resources */ = {isa = PBXBuildFile; fileRef = E48BF86D2128B7F600B6C514 /* ProductSelection.storyboard */; };
		E48BF8702128B95100B6C514 /* ImageUtils.swift in Sources */ = {isa = PBXBuildFile; fileRef = E48BF86F2128B95100B6C514 /* ImageUtils.swift */; };
		E48BF8722128BB8200B6C514 /* Product.swift in Sources */ = {isa = PBXBuildFile; fileRef = E48BF8712128BB8200B6C514 /* Product.swift */; };
		E48BF8742128C53200B6C514 /* TabBar.storyboard in Resources */ = {isa = PBXBuildFile; fileRef = E48BF8732128C53200B6C514 /* TabBar.storyboard */; };
		E48BF8772128C57F00B6C514 /* TabBarController.swift in Sources */ = {isa = PBXBuildFile; fileRef = E48BF8762128C57F00B6C514 /* TabBarController.swift */; };
		E48BF8792128C5C900B6C514 /* Products.storyboard in Resources */ = {isa = PBXBuildFile; fileRef = E48BF8782128C5C900B6C514 /* Products.storyboard */; };
		E48BF87C2128C64100B6C514 /* ProductsViewController.swift in Sources */ = {isa = PBXBuildFile; fileRef = E48BF87B2128C64100B6C514 /* ProductsViewController.swift */; };
		E48BF87E2128C66800B6C514 /* Register.storyboard in Resources */ = {isa = PBXBuildFile; fileRef = E48BF87D2128C66800B6C514 /* Register.storyboard */; };
		E48BF8802128C69C00B6C514 /* Profile.storyboard in Resources */ = {isa = PBXBuildFile; fileRef = E48BF87F2128C69C00B6C514 /* Profile.storyboard */; };
		E48BF8832128C6AF00B6C514 /* ProfileViewController.swift in Sources */ = {isa = PBXBuildFile; fileRef = E48BF8822128C6AF00B6C514 /* ProfileViewController.swift */; };
		E48BF8852128C6ED00B6C514 /* ShoppingCart.storyboard in Resources */ = {isa = PBXBuildFile; fileRef = E48BF8842128C6ED00B6C514 /* ShoppingCart.storyboard */; };
		E4AC538C2128CACC002059C5 /* UIColorExtension.swift in Sources */ = {isa = PBXBuildFile; fileRef = E4AC538B2128CACC002059C5 /* UIColorExtension.swift */; };
		F100EBDFFDE27B07F9778811 /* Pods_MovileHackTests.framework in Frameworks */ = {isa = PBXBuildFile; fileRef = E721AFBE3E735EAB27CE0151 /* Pods_MovileHackTests.framework */; };
/* End PBXBuildFile section */

/* Begin PBXContainerItemProxy section */
		E48BF81421288A8200B6C514 /* PBXContainerItemProxy */ = {
			isa = PBXContainerItemProxy;
			containerPortal = E48BF7F721288A8100B6C514 /* Project object */;
			proxyType = 1;
			remoteGlobalIDString = E48BF7FE21288A8100B6C514;
			remoteInfo = MovileHack;
		};
/* End PBXContainerItemProxy section */

/* Begin PBXFileReference section */
		0EEBC532DCDA70C95E49642A /* Pods-MovileHackTests.debug.xcconfig */ = {isa = PBXFileReference; includeInIndex = 1; lastKnownFileType = text.xcconfig; name = "Pods-MovileHackTests.debug.xcconfig"; path = "Pods/Target Support Files/Pods-MovileHackTests/Pods-MovileHackTests.debug.xcconfig"; sourceTree = "<group>"; };
		3A0CFEEDB55031C6195B1EAD /* Pods-MovileHack.release.xcconfig */ = {isa = PBXFileReference; includeInIndex = 1; lastKnownFileType = text.xcconfig; name = "Pods-MovileHack.release.xcconfig"; path = "Pods/Target Support Files/Pods-MovileHack/Pods-MovileHack.release.xcconfig"; sourceTree = "<group>"; };
		6669EEEB24871809EAD615AA /* Pods-MovileHack.debug.xcconfig */ = {isa = PBXFileReference; includeInIndex = 1; lastKnownFileType = text.xcconfig; name = "Pods-MovileHack.debug.xcconfig"; path = "Pods/Target Support Files/Pods-MovileHack/Pods-MovileHack.debug.xcconfig"; sourceTree = "<group>"; };
		924F6814E0480923EBB998C5 /* Pods-MovileHackTests.release.xcconfig */ = {isa = PBXFileReference; includeInIndex = 1; lastKnownFileType = text.xcconfig; name = "Pods-MovileHackTests.release.xcconfig"; path = "Pods/Target Support Files/Pods-MovileHackTests/Pods-MovileHackTests.release.xcconfig"; sourceTree = "<group>"; };
		A74423D72128AA3600FDF37D /* ShowProduct.storyboard */ = {isa = PBXFileReference; lastKnownFileType = file.storyboard; path = ShowProduct.storyboard; sourceTree = "<group>"; };
		A74423D92128B37C00FDF37D /* MyMeals.storyboard */ = {isa = PBXFileReference; lastKnownFileType = file.storyboard; path = MyMeals.storyboard; sourceTree = "<group>"; };
		A74423DC2128B40A00FDF37D /* MyMealsViewController.swift */ = {isa = PBXFileReference; lastKnownFileType = sourcecode.swift; path = MyMealsViewController.swift; sourceTree = "<group>"; };
		A74423DE2128B4AF00FDF37D /* Meal.swift */ = {isa = PBXFileReference; lastKnownFileType = sourcecode.swift; path = Meal.swift; sourceTree = "<group>"; };
		A74423E32128B5A400FDF37D /* MyMealsTableViewCell.swift */ = {isa = PBXFileReference; lastKnownFileType = sourcecode.swift; path = MyMealsTableViewCell.swift; sourceTree = "<group>"; };
		A74423E42128B5A400FDF37D /* MyMealsTableViewCell.xib */ = {isa = PBXFileReference; lastKnownFileType = file.xib; path = MyMealsTableViewCell.xib; sourceTree = "<group>"; };
		A74423E82128BFA600FDF37D /* CTAButton.swift */ = {isa = PBXFileReference; lastKnownFileType = sourcecode.swift; path = CTAButton.swift; sourceTree = "<group>"; };
		A7A0FDCD2128C5CC00E76759 /* ProductSelectionTableViewCell.swift */ = {isa = PBXFileReference; lastKnownFileType = sourcecode.swift; path = ProductSelectionTableViewCell.swift; sourceTree = "<group>"; };
		A7A0FDCE2128C5CC00E76759 /* ProductSelectionTableViewCell.xib */ = {isa = PBXFileReference; lastKnownFileType = file.xib; path = ProductSelectionTableViewCell.xib; sourceTree = "<group>"; };
		A7A0FDD32128C83400E76759 /* ProductSelectionSectionHeaderView.swift */ = {isa = PBXFileReference; lastKnownFileType = sourcecode.swift; path = ProductSelectionSectionHeaderView.swift; sourceTree = "<group>"; };
		A7A0FDD52128C85000E76759 /* ProductSelectionSectionHeaderView.xib */ = {isa = PBXFileReference; lastKnownFileType = file.xib; path = ProductSelectionSectionHeaderView.xib; sourceTree = "<group>"; };
		A7A0FDD72128C8D000E76759 /* BaseView.swift */ = {isa = PBXFileReference; lastKnownFileType = sourcecode.swift; path = BaseView.swift; sourceTree = "<group>"; };
		A7A0FDD92128DD5400E76759 /* BaseViewController.swift */ = {isa = PBXFileReference; lastKnownFileType = sourcecode.swift; path = BaseViewController.swift; sourceTree = "<group>"; };
		CA85567DEBE717324BAA7831 /* Pods_MovileHack.framework */ = {isa = PBXFileReference; explicitFileType = wrapper.framework; includeInIndex = 0; path = Pods_MovileHack.framework; sourceTree = BUILT_PRODUCTS_DIR; };
		E48BF7FF21288A8100B6C514 /* MovileHack.app */ = {isa = PBXFileReference; explicitFileType = wrapper.application; includeInIndex = 0; path = MovileHack.app; sourceTree = BUILT_PRODUCTS_DIR; };
		E48BF80221288A8100B6C514 /* AppDelegate.swift */ = {isa = PBXFileReference; lastKnownFileType = sourcecode.swift; path = AppDelegate.swift; sourceTree = "<group>"; };
		E48BF80721288A8100B6C514 /* Base */ = {isa = PBXFileReference; lastKnownFileType = file.storyboard; name = Base; path = Base.lproj/Main.storyboard; sourceTree = "<group>"; };
		E48BF80921288A8200B6C514 /* Assets.xcassets */ = {isa = PBXFileReference; lastKnownFileType = folder.assetcatalog; path = Assets.xcassets; sourceTree = "<group>"; };
		E48BF80C21288A8200B6C514 /* Base */ = {isa = PBXFileReference; lastKnownFileType = file.storyboard; name = Base; path = Base.lproj/LaunchScreen.storyboard; sourceTree = "<group>"; };
		E48BF80E21288A8200B6C514 /* Info.plist */ = {isa = PBXFileReference; lastKnownFileType = text.plist.xml; path = Info.plist; sourceTree = "<group>"; };
		E48BF81321288A8200B6C514 /* MovileHackTests.xctest */ = {isa = PBXFileReference; explicitFileType = wrapper.cfbundle; includeInIndex = 0; path = MovileHackTests.xctest; sourceTree = BUILT_PRODUCTS_DIR; };
		E48BF81721288A8200B6C514 /* MovileHackTests.swift */ = {isa = PBXFileReference; lastKnownFileType = sourcecode.swift; path = MovileHackTests.swift; sourceTree = "<group>"; };
		E48BF81921288A8200B6C514 /* Info.plist */ = {isa = PBXFileReference; lastKnownFileType = text.plist.xml; path = Info.plist; sourceTree = "<group>"; };
		E48BF8392128A3FB00B6C514 /* StoryboardExtension.swift */ = {isa = PBXFileReference; lastKnownFileType = sourcecode.swift; path = StoryboardExtension.swift; sourceTree = "<group>"; };
		E48BF83C2128A42A00B6C514 /* NavigationConstants.swift */ = {isa = PBXFileReference; lastKnownFileType = sourcecode.swift; path = NavigationConstants.swift; sourceTree = "<group>"; };
		E48BF83E2128A5CD00B6C514 /* PaymentViewController.swift */ = {isa = PBXFileReference; lastKnownFileType = sourcecode.swift; path = PaymentViewController.swift; sourceTree = "<group>"; };
		E48BF8412128A5E200B6C514 /* Payment.storyboard */ = {isa = PBXFileReference; lastKnownFileType = file.storyboard; path = Payment.storyboard; sourceTree = "<group>"; };
		E48BF8432128A92400B6C514 /* GraphsViewController.swift */ = {isa = PBXFileReference; lastKnownFileType = sourcecode.swift; path = GraphsViewController.swift; sourceTree = "<group>"; };
		E48BF8452128A92C00B6C514 /* LoginViewController.swift */ = {isa = PBXFileReference; lastKnownFileType = sourcecode.swift; path = LoginViewController.swift; sourceTree = "<group>"; };
		E48BF8472128A93600B6C514 /* MarketViewController.swift */ = {isa = PBXFileReference; lastKnownFileType = sourcecode.swift; path = MarketViewController.swift; sourceTree = "<group>"; };
		E48BF8492128A94300B6C514 /* ShowMealViewController.swift */ = {isa = PBXFileReference; lastKnownFileType = sourcecode.swift; path = ShowMealViewController.swift; sourceTree = "<group>"; };
		E48BF84B2128A94D00B6C514 /* ShowMenuViewController.swift */ = {isa = PBXFileReference; lastKnownFileType = sourcecode.swift; path = ShowMenuViewController.swift; sourceTree = "<group>"; };
		E48BF84D2128A95600B6C514 /* ShowProductViewController.swift */ = {isa = PBXFileReference; lastKnownFileType = sourcecode.swift; path = ShowProductViewController.swift; sourceTree = "<group>"; };
		E48BF84F2128A96000B6C514 /* ShowPurveyorViewController.swift */ = {isa = PBXFileReference; lastKnownFileType = sourcecode.swift; path = ShowPurveyorViewController.swift; sourceTree = "<group>"; };
		E48BF8512128A97500B6C514 /* ShowRestaurantViewController.swift */ = {isa = PBXFileReference; lastKnownFileType = sourcecode.swift; path = ShowRestaurantViewController.swift; sourceTree = "<group>"; };
		E48BF8532128A98100B6C514 /* RegisterMealViewController.swift */ = {isa = PBXFileReference; lastKnownFileType = sourcecode.swift; path = RegisterMealViewController.swift; sourceTree = "<group>"; };
		E48BF8552128A98C00B6C514 /* RegisterMenuViewController.swift */ = {isa = PBXFileReference; lastKnownFileType = sourcecode.swift; path = RegisterMenuViewController.swift; sourceTree = "<group>"; };
		E48BF8572128A99500B6C514 /* RegisterProductViewController.swift */ = {isa = PBXFileReference; lastKnownFileType = sourcecode.swift; path = RegisterProductViewController.swift; sourceTree = "<group>"; };
		E48BF8592128A9A000B6C514 /* RegisterPurveyorViewController.swift */ = {isa = PBXFileReference; lastKnownFileType = sourcecode.swift; path = RegisterPurveyorViewController.swift; sourceTree = "<group>"; };
		E48BF85B2128A9A900B6C514 /* RegisterRestaurantViewController.swift */ = {isa = PBXFileReference; lastKnownFileType = sourcecode.swift; path = RegisterRestaurantViewController.swift; sourceTree = "<group>"; };
		E48BF85D2128A9B000B6C514 /* SearchViewController.swift */ = {isa = PBXFileReference; lastKnownFileType = sourcecode.swift; path = SearchViewController.swift; sourceTree = "<group>"; };
		E48BF85F2128A9B800B6C514 /* ShoppingCartViewController.swift */ = {isa = PBXFileReference; lastKnownFileType = sourcecode.swift; path = ShoppingCartViewController.swift; sourceTree = "<group>"; };
		E48BF8612128A9C200B6C514 /* Parser.swift */ = {isa = PBXFileReference; lastKnownFileType = sourcecode.swift; path = Parser.swift; sourceTree = "<group>"; };
		E48BF8632128A9C900B6C514 /* Serivce.swift */ = {isa = PBXFileReference; lastKnownFileType = sourcecode.swift; path = Serivce.swift; sourceTree = "<group>"; };
		E48BF8672128B3C200B6C514 /* MealQuantity.storyboard */ = {isa = PBXFileReference; lastKnownFileType = file.storyboard; path = MealQuantity.storyboard; sourceTree = "<group>"; };
		E48BF8692128B68100B6C514 /* MealQuantityViewController.swift */ = {isa = PBXFileReference; lastKnownFileType = sourcecode.swift; path = MealQuantityViewController.swift; sourceTree = "<group>"; };
		E48BF86B2128B7DF00B6C514 /* ProductSelectionViewController.swift */ = {isa = PBXFileReference; lastKnownFileType = sourcecode.swift; path = ProductSelectionViewController.swift; sourceTree = "<group>"; };
		E48BF86D2128B7F600B6C514 /* ProductSelection.storyboard */ = {isa = PBXFileReference; lastKnownFileType = file.storyboard; path = ProductSelection.storyboard; sourceTree = "<group>"; };
		E48BF86F2128B95100B6C514 /* ImageUtils.swift */ = {isa = PBXFileReference; lastKnownFileType = sourcecode.swift; path = ImageUtils.swift; sourceTree = "<group>"; };
		E48BF8712128BB8200B6C514 /* Product.swift */ = {isa = PBXFileReference; lastKnownFileType = sourcecode.swift; path = Product.swift; sourceTree = "<group>"; };
		E48BF8732128C53200B6C514 /* TabBar.storyboard */ = {isa = PBXFileReference; lastKnownFileType = file.storyboard; path = TabBar.storyboard; sourceTree = "<group>"; };
		E48BF8762128C57F00B6C514 /* TabBarController.swift */ = {isa = PBXFileReference; lastKnownFileType = sourcecode.swift; path = TabBarController.swift; sourceTree = "<group>"; };
		E48BF8782128C5C900B6C514 /* Products.storyboard */ = {isa = PBXFileReference; lastKnownFileType = file.storyboard; path = Products.storyboard; sourceTree = "<group>"; };
		E48BF87B2128C64100B6C514 /* ProductsViewController.swift */ = {isa = PBXFileReference; lastKnownFileType = sourcecode.swift; path = ProductsViewController.swift; sourceTree = "<group>"; };
		E48BF87D2128C66800B6C514 /* Register.storyboard */ = {isa = PBXFileReference; lastKnownFileType = file.storyboard; path = Register.storyboard; sourceTree = "<group>"; };
		E48BF87F2128C69C00B6C514 /* Profile.storyboard */ = {isa = PBXFileReference; lastKnownFileType = file.storyboard; path = Profile.storyboard; sourceTree = "<group>"; };
		E48BF8822128C6AF00B6C514 /* ProfileViewController.swift */ = {isa = PBXFileReference; lastKnownFileType = sourcecode.swift; path = ProfileViewController.swift; sourceTree = "<group>"; };
		E48BF8842128C6ED00B6C514 /* ShoppingCart.storyboard */ = {isa = PBXFileReference; lastKnownFileType = file.storyboard; path = ShoppingCart.storyboard; sourceTree = "<group>"; };
		E4AC538B2128CACC002059C5 /* UIColorExtension.swift */ = {isa = PBXFileReference; lastKnownFileType = sourcecode.swift; path = UIColorExtension.swift; sourceTree = "<group>"; };
		E721AFBE3E735EAB27CE0151 /* Pods_MovileHackTests.framework */ = {isa = PBXFileReference; explicitFileType = wrapper.framework; includeInIndex = 0; path = Pods_MovileHackTests.framework; sourceTree = BUILT_PRODUCTS_DIR; };
/* End PBXFileReference section */

/* Begin PBXFrameworksBuildPhase section */
		E48BF7FC21288A8100B6C514 /* Frameworks */ = {
			isa = PBXFrameworksBuildPhase;
			buildActionMask = 2147483647;
			files = (
				93BC300F2CAFB7FED802CC10 /* Pods_MovileHack.framework in Frameworks */,
			);
			runOnlyForDeploymentPostprocessing = 0;
		};
		E48BF81021288A8200B6C514 /* Frameworks */ = {
			isa = PBXFrameworksBuildPhase;
			buildActionMask = 2147483647;
			files = (
				F100EBDFFDE27B07F9778811 /* Pods_MovileHackTests.framework in Frameworks */,
			);
			runOnlyForDeploymentPostprocessing = 0;
		};
/* End PBXFrameworksBuildPhase section */

/* Begin PBXGroup section */
		9EF88683A429B76FF7B40D54 /* Frameworks */ = {
			isa = PBXGroup;
			children = (
				CA85567DEBE717324BAA7831 /* Pods_MovileHack.framework */,
				E721AFBE3E735EAB27CE0151 /* Pods_MovileHackTests.framework */,
			);
			name = Frameworks;
			sourceTree = "<group>";
		};
		A74423DB2128B3EC00FDF37D /* MealPurchase */ = {
			isa = PBXGroup;
			children = (
				A74423DC2128B40A00FDF37D /* MyMealsViewController.swift */,
				E48BF8692128B68100B6C514 /* MealQuantityViewController.swift */,
				E48BF86B2128B7DF00B6C514 /* ProductSelectionViewController.swift */,
			);
			path = MealPurchase;
			sourceTree = "<group>";
		};
		A74423E02128B57800FDF37D /* Views */ = {
			isa = PBXGroup;
			children = (
				A7A0FDD12128C80400E76759 /* Table Headers */,
				A74423E72128BF9000FDF37D /* UI */,
				A74423E12128B58800FDF37D /* UITableViewCells */,
			);
			path = Views;
			sourceTree = "<group>";
		};
		A74423E12128B58800FDF37D /* UITableViewCells */ = {
			isa = PBXGroup;
			children = (
				A74423EA2128C44C00FDF37D /* ProductSelection */,
				A74423E22128B59100FDF37D /* MyMeals */,
			);
			path = UITableViewCells;
			sourceTree = "<group>";
		};
		A74423E22128B59100FDF37D /* MyMeals */ = {
			isa = PBXGroup;
			children = (
				A74423E32128B5A400FDF37D /* MyMealsTableViewCell.swift */,
				A74423E42128B5A400FDF37D /* MyMealsTableViewCell.xib */,
			);
			path = MyMeals;
			sourceTree = "<group>";
		};
		A74423E72128BF9000FDF37D /* UI */ = {
			isa = PBXGroup;
			children = (
				A74423E82128BFA600FDF37D /* CTAButton.swift */,
				A7A0FDD72128C8D000E76759 /* BaseView.swift */,
			);
			path = UI;
			sourceTree = "<group>";
		};
		A74423EA2128C44C00FDF37D /* ProductSelection */ = {
			isa = PBXGroup;
			children = (
				A7A0FDCD2128C5CC00E76759 /* ProductSelectionTableViewCell.swift */,
				A7A0FDCE2128C5CC00E76759 /* ProductSelectionTableViewCell.xib */,
			);
			path = ProductSelection;
			sourceTree = "<group>";
		};
		A7A0FDD12128C80400E76759 /* Table Headers */ = {
			isa = PBXGroup;
			children = (
				A7A0FDD22128C81400E76759 /* ProductSelectionSectionHeaderView */,
			);
			path = "Table Headers";
			sourceTree = "<group>";
		};
		A7A0FDD22128C81400E76759 /* ProductSelectionSectionHeaderView */ = {
			isa = PBXGroup;
			children = (
				A7A0FDD32128C83400E76759 /* ProductSelectionSectionHeaderView.swift */,
				A7A0FDD52128C85000E76759 /* ProductSelectionSectionHeaderView.xib */,
			);
			path = ProductSelectionSectionHeaderView;
			sourceTree = "<group>";
		};
		D6E716C5279F7F31EB54EA63 /* Pods */ = {
			isa = PBXGroup;
			children = (
				6669EEEB24871809EAD615AA /* Pods-MovileHack.debug.xcconfig */,
				3A0CFEEDB55031C6195B1EAD /* Pods-MovileHack.release.xcconfig */,
				0EEBC532DCDA70C95E49642A /* Pods-MovileHackTests.debug.xcconfig */,
				924F6814E0480923EBB998C5 /* Pods-MovileHackTests.release.xcconfig */,
			);
			name = Pods;
			sourceTree = "<group>";
		};
		E48BF7F621288A8100B6C514 = {
			isa = PBXGroup;
			children = (
				E48BF80121288A8100B6C514 /* MovileHack */,
				E48BF81621288A8200B6C514 /* MovileHackTests */,
				E48BF80021288A8100B6C514 /* Products */,
				D6E716C5279F7F31EB54EA63 /* Pods */,
				9EF88683A429B76FF7B40D54 /* Frameworks */,
			);
			sourceTree = "<group>";
		};
		E48BF80021288A8100B6C514 /* Products */ = {
			isa = PBXGroup;
			children = (
				E48BF7FF21288A8100B6C514 /* MovileHack.app */,
				E48BF81321288A8200B6C514 /* MovileHackTests.xctest */,
			);
			name = Products;
			sourceTree = "<group>";
		};
		E48BF80121288A8100B6C514 /* MovileHack */ = {
			isa = PBXGroup;
			children = (
				E48BF8402128A5D700B6C514 /* Storyboards */,
				E48BF83B2128A41200B6C514 /* Utils */,
				E48BF8382128A35D00B6C514 /* Extensions */,
				E48BF8252128A25F00B6C514 /* Scenes */,
				A74423E02128B57800FDF37D /* Views */,
				E48BF8242128A1FD00B6C514 /* Parsers */,
				E48BF8232128A1F800B6C514 /* Services */,
				E48BF8222128A1EF00B6C514 /* Models */,
				E48BF80221288A8100B6C514 /* AppDelegate.swift */,
				E48BF80621288A8100B6C514 /* Main.storyboard */,
				E48BF80921288A8200B6C514 /* Assets.xcassets */,
				E48BF80B21288A8200B6C514 /* LaunchScreen.storyboard */,
				E48BF80E21288A8200B6C514 /* Info.plist */,
			);
			path = MovileHack;
			sourceTree = "<group>";
		};
		E48BF81621288A8200B6C514 /* MovileHackTests */ = {
			isa = PBXGroup;
			children = (
				E48BF81721288A8200B6C514 /* MovileHackTests.swift */,
				E48BF81921288A8200B6C514 /* Info.plist */,
			);
			path = MovileHackTests;
			sourceTree = "<group>";
		};
		E48BF8222128A1EF00B6C514 /* Models */ = {
			isa = PBXGroup;
			children = (
				A74423DE2128B4AF00FDF37D /* Meal.swift */,
				E48BF8712128BB8200B6C514 /* Product.swift */,
			);
			path = Models;
			sourceTree = "<group>";
		};
		E48BF8232128A1F800B6C514 /* Services */ = {
			isa = PBXGroup;
			children = (
				E48BF8632128A9C900B6C514 /* Serivce.swift */,
			);
			path = Services;
			sourceTree = "<group>";
		};
		E48BF8242128A1FD00B6C514 /* Parsers */ = {
			isa = PBXGroup;
			children = (
				E48BF8612128A9C200B6C514 /* Parser.swift */,
			);
			path = Parsers;
			sourceTree = "<group>";
		};
		E48BF8252128A25F00B6C514 /* Scenes */ = {
			isa = PBXGroup;
			children = (
				A7A0FDD92128DD5400E76759 /* BaseViewController.swift */,
				E48BF8812128C6A400B6C514 /* Profile */,
				E48BF87A2128C61000B6C514 /* Products */,
				E48BF8752128C55C00B6C514 /* TabBar */,
				A74423DB2128B3EC00FDF37D /* MealPurchase */,
				E48BF8352128A31900B6C514 /* Graphs */,
				E48BF8262128A26500B6C514 /* Login */,
				E48BF8362128A32100B6C514 /* Market */,
				E48BF8342128A31100B6C514 /* Payment */,
				E48BF82D2128A2BA00B6C514 /* Presentation */,
				E48BF82C2128A2B000B6C514 /* Registration */,
				E48BF8372128A32700B6C514 /* Search */,
				E48BF8332128A30900B6C514 /* ShoppingCart */,
			);
			path = Scenes;
			sourceTree = "<group>";
		};
		E48BF8262128A26500B6C514 /* Login */ = {
			isa = PBXGroup;
			children = (
				E48BF8452128A92C00B6C514 /* LoginViewController.swift */,
			);
			path = Login;
			sourceTree = "<group>";
		};
		E48BF8272128A26900B6C514 /* RegisterRestaurant */ = {
			isa = PBXGroup;
			children = (
				E48BF85B2128A9A900B6C514 /* RegisterRestaurantViewController.swift */,
			);
			path = RegisterRestaurant;
			sourceTree = "<group>";
		};
		E48BF8282128A27600B6C514 /* RegisterPurveyor */ = {
			isa = PBXGroup;
			children = (
				E48BF8592128A9A000B6C514 /* RegisterPurveyorViewController.swift */,
			);
			path = RegisterPurveyor;
			sourceTree = "<group>";
		};
		E48BF8292128A28600B6C514 /* RegisterMenu */ = {
			isa = PBXGroup;
			children = (
				E48BF8552128A98C00B6C514 /* RegisterMenuViewController.swift */,
			);
			path = RegisterMenu;
			sourceTree = "<group>";
		};
		E48BF82A2128A29200B6C514 /* RegisterMeal */ = {
			isa = PBXGroup;
			children = (
				E48BF8532128A98100B6C514 /* RegisterMealViewController.swift */,
			);
			path = RegisterMeal;
			sourceTree = "<group>";
		};
		E48BF82B2128A29A00B6C514 /* RegisterProduct */ = {
			isa = PBXGroup;
			children = (
				E48BF8572128A99500B6C514 /* RegisterProductViewController.swift */,
			);
			path = RegisterProduct;
			sourceTree = "<group>";
		};
		E48BF82C2128A2B000B6C514 /* Registration */ = {
			isa = PBXGroup;
			children = (
				E48BF82A2128A29200B6C514 /* RegisterMeal */,
				E48BF8292128A28600B6C514 /* RegisterMenu */,
				E48BF82B2128A29A00B6C514 /* RegisterProduct */,
				E48BF8282128A27600B6C514 /* RegisterPurveyor */,
				E48BF8272128A26900B6C514 /* RegisterRestaurant */,
			);
			path = Registration;
			sourceTree = "<group>";
		};
		E48BF82D2128A2BA00B6C514 /* Presentation */ = {
			isa = PBXGroup;
			children = (
				E48BF8312128A2EC00B6C514 /* ShowMeal */,
				E48BF8302128A2E500B6C514 /* ShowMenu */,
				E48BF8322128A2F300B6C514 /* ShowProduct */,
				E48BF82F2128A2DD00B6C514 /* ShowPurveyor */,
				E48BF82E2128A2C300B6C514 /* ShowRestaurant */,
			);
			path = Presentation;
			sourceTree = "<group>";
		};
		E48BF82E2128A2C300B6C514 /* ShowRestaurant */ = {
			isa = PBXGroup;
			children = (
				E48BF8512128A97500B6C514 /* ShowRestaurantViewController.swift */,
			);
			path = ShowRestaurant;
			sourceTree = "<group>";
		};
		E48BF82F2128A2DD00B6C514 /* ShowPurveyor */ = {
			isa = PBXGroup;
			children = (
				E48BF84F2128A96000B6C514 /* ShowPurveyorViewController.swift */,
			);
			path = ShowPurveyor;
			sourceTree = "<group>";
		};
		E48BF8302128A2E500B6C514 /* ShowMenu */ = {
			isa = PBXGroup;
			children = (
				E48BF84B2128A94D00B6C514 /* ShowMenuViewController.swift */,
			);
			path = ShowMenu;
			sourceTree = "<group>";
		};
		E48BF8312128A2EC00B6C514 /* ShowMeal */ = {
			isa = PBXGroup;
			children = (
				E48BF8492128A94300B6C514 /* ShowMealViewController.swift */,
			);
			path = ShowMeal;
			sourceTree = "<group>";
		};
		E48BF8322128A2F300B6C514 /* ShowProduct */ = {
			isa = PBXGroup;
			children = (
				E48BF84D2128A95600B6C514 /* ShowProductViewController.swift */,
			);
			path = ShowProduct;
			sourceTree = "<group>";
		};
		E48BF8332128A30900B6C514 /* ShoppingCart */ = {
			isa = PBXGroup;
			children = (
				E48BF85F2128A9B800B6C514 /* ShoppingCartViewController.swift */,
			);
			path = ShoppingCart;
			sourceTree = "<group>";
		};
		E48BF8342128A31100B6C514 /* Payment */ = {
			isa = PBXGroup;
			children = (
				E48BF83E2128A5CD00B6C514 /* PaymentViewController.swift */,
			);
			path = Payment;
			sourceTree = "<group>";
		};
		E48BF8352128A31900B6C514 /* Graphs */ = {
			isa = PBXGroup;
			children = (
				E48BF8432128A92400B6C514 /* GraphsViewController.swift */,
			);
			path = Graphs;
			sourceTree = "<group>";
		};
		E48BF8362128A32100B6C514 /* Market */ = {
			isa = PBXGroup;
			children = (
				E48BF8472128A93600B6C514 /* MarketViewController.swift */,
			);
			path = Market;
			sourceTree = "<group>";
		};
		E48BF8372128A32700B6C514 /* Search */ = {
			isa = PBXGroup;
			children = (
				E48BF85D2128A9B000B6C514 /* SearchViewController.swift */,
			);
			path = Search;
			sourceTree = "<group>";
		};
		E48BF8382128A35D00B6C514 /* Extensions */ = {
			isa = PBXGroup;
			children = (
				E48BF8392128A3FB00B6C514 /* StoryboardExtension.swift */,
				E4AC538B2128CACC002059C5 /* UIColorExtension.swift */,
			);
			path = Extensions;
			sourceTree = "<group>";
		};
		E48BF83B2128A41200B6C514 /* Utils */ = {
			isa = PBXGroup;
			children = (
				E48BF83C2128A42A00B6C514 /* NavigationConstants.swift */,
				E48BF86F2128B95100B6C514 /* ImageUtils.swift */,
			);
			path = Utils;
			sourceTree = "<group>";
		};
		E48BF8402128A5D700B6C514 /* Storyboards */ = {
			isa = PBXGroup;
			children = (
				E48BF8412128A5E200B6C514 /* Payment.storyboard */,
				A74423D72128AA3600FDF37D /* ShowProduct.storyboard */,
				A74423D92128B37C00FDF37D /* MyMeals.storyboard */,
				E48BF8672128B3C200B6C514 /* MealQuantity.storyboard */,
				E48BF86D2128B7F600B6C514 /* ProductSelection.storyboard */,
				E48BF8732128C53200B6C514 /* TabBar.storyboard */,
				E48BF8782128C5C900B6C514 /* Products.storyboard */,
				E48BF87D2128C66800B6C514 /* Register.storyboard */,
				E48BF87F2128C69C00B6C514 /* Profile.storyboard */,
				E48BF8842128C6ED00B6C514 /* ShoppingCart.storyboard */,
			);
			path = Storyboards;
			sourceTree = "<group>";
		};
		E48BF8752128C55C00B6C514 /* TabBar */ = {
			isa = PBXGroup;
			children = (
				E48BF8762128C57F00B6C514 /* TabBarController.swift */,
			);
			path = TabBar;
			sourceTree = "<group>";
		};
		E48BF87A2128C61000B6C514 /* Products */ = {
			isa = PBXGroup;
			children = (
				E48BF87B2128C64100B6C514 /* ProductsViewController.swift */,
			);
			path = Products;
			sourceTree = "<group>";
		};
		E48BF8812128C6A400B6C514 /* Profile */ = {
			isa = PBXGroup;
			children = (
				E48BF8822128C6AF00B6C514 /* ProfileViewController.swift */,
			);
			path = Profile;
			sourceTree = "<group>";
		};
/* End PBXGroup section */

/* Begin PBXNativeTarget section */
		E48BF7FE21288A8100B6C514 /* MovileHack */ = {
			isa = PBXNativeTarget;
			buildConfigurationList = E48BF81C21288A8200B6C514 /* Build configuration list for PBXNativeTarget "MovileHack" */;
			buildPhases = (
				AB26309C785E25BEDC3715B2 /* [CP] Check Pods Manifest.lock */,
				E48BF7FB21288A8100B6C514 /* Sources */,
				E48BF7FC21288A8100B6C514 /* Frameworks */,
				E48BF7FD21288A8100B6C514 /* Resources */,
				F6163971365E68C13FC5C985 /* [CP] Embed Pods Frameworks */,
				0A5A956C466BC195D6165768 /* [CP] Copy Pods Resources */,
			);
			buildRules = (
			);
			dependencies = (
			);
			name = MovileHack;
			productName = MovileHack;
			productReference = E48BF7FF21288A8100B6C514 /* MovileHack.app */;
			productType = "com.apple.product-type.application";
		};
		E48BF81221288A8200B6C514 /* MovileHackTests */ = {
			isa = PBXNativeTarget;
			buildConfigurationList = E48BF81F21288A8200B6C514 /* Build configuration list for PBXNativeTarget "MovileHackTests" */;
			buildPhases = (
				8BD91E0022A3DBF6B258C02E /* [CP] Check Pods Manifest.lock */,
				E48BF80F21288A8200B6C514 /* Sources */,
				E48BF81021288A8200B6C514 /* Frameworks */,
				E48BF81121288A8200B6C514 /* Resources */,
			);
			buildRules = (
			);
			dependencies = (
				E48BF81521288A8200B6C514 /* PBXTargetDependency */,
			);
			name = MovileHackTests;
			productName = MovileHackTests;
			productReference = E48BF81321288A8200B6C514 /* MovileHackTests.xctest */;
			productType = "com.apple.product-type.bundle.unit-test";
		};
/* End PBXNativeTarget section */

/* Begin PBXProject section */
		E48BF7F721288A8100B6C514 /* Project object */ = {
			isa = PBXProject;
			attributes = {
				LastSwiftUpdateCheck = 0940;
				LastUpgradeCheck = 0940;
				ORGANIZATIONNAME = "Yasmin Benatti";
				TargetAttributes = {
					E48BF7FE21288A8100B6C514 = {
						CreatedOnToolsVersion = 9.4.1;
					};
					E48BF81221288A8200B6C514 = {
						CreatedOnToolsVersion = 9.4.1;
						TestTargetID = E48BF7FE21288A8100B6C514;
					};
				};
			};
			buildConfigurationList = E48BF7FA21288A8100B6C514 /* Build configuration list for PBXProject "MovileHack" */;
			compatibilityVersion = "Xcode 9.3";
			developmentRegion = en;
			hasScannedForEncodings = 0;
			knownRegions = (
				en,
				Base,
			);
			mainGroup = E48BF7F621288A8100B6C514;
			productRefGroup = E48BF80021288A8100B6C514 /* Products */;
			projectDirPath = "";
			projectRoot = "";
			targets = (
				E48BF7FE21288A8100B6C514 /* MovileHack */,
				E48BF81221288A8200B6C514 /* MovileHackTests */,
			);
		};
/* End PBXProject section */

/* Begin PBXResourcesBuildPhase section */
		E48BF7FD21288A8100B6C514 /* Resources */ = {
			isa = PBXResourcesBuildPhase;
			buildActionMask = 2147483647;
			files = (
				E48BF8742128C53200B6C514 /* TabBar.storyboard in Resources */,
				A74423D82128AA3600FDF37D /* ShowProduct.storyboard in Resources */,
				E48BF8852128C6ED00B6C514 /* ShoppingCart.storyboard in Resources */,
				E48BF80D21288A8200B6C514 /* LaunchScreen.storyboard in Resources */,
				E48BF86E2128B7F600B6C514 /* ProductSelection.storyboard in Resources */,
				E48BF80A21288A8200B6C514 /* Assets.xcassets in Resources */,
				E48BF8802128C69C00B6C514 /* Profile.storyboard in Resources */,
				E48BF8792128C5C900B6C514 /* Products.storyboard in Resources */,
				E48BF8682128B3C200B6C514 /* MealQuantity.storyboard in Resources */,
				E48BF80821288A8100B6C514 /* Main.storyboard in Resources */,
				E48BF8422128A5E200B6C514 /* Payment.storyboard in Resources */,
				A74423DA2128B37C00FDF37D /* MyMeals.storyboard in Resources */,
				A7A0FDD02128C5CC00E76759 /* ProductSelectionTableViewCell.xib in Resources */,
				A74423E62128B5A400FDF37D /* MyMealsTableViewCell.xib in Resources */,
				E48BF87E2128C66800B6C514 /* Register.storyboard in Resources */,
				A7A0FDD62128C85000E76759 /* ProductSelectionSectionHeaderView.xib in Resources */,
			);
			runOnlyForDeploymentPostprocessing = 0;
		};
		E48BF81121288A8200B6C514 /* Resources */ = {
			isa = PBXResourcesBuildPhase;
			buildActionMask = 2147483647;
			files = (
			);
			runOnlyForDeploymentPostprocessing = 0;
		};
/* End PBXResourcesBuildPhase section */

/* Begin PBXShellScriptBuildPhase section */
		0A5A956C466BC195D6165768 /* [CP] Copy Pods Resources */ = {
			isa = PBXShellScriptBuildPhase;
			buildActionMask = 2147483647;
			files = (
			);
			inputPaths = (
				"${SRCROOT}/Pods/Target Support Files/Pods-MovileHack/Pods-MovileHack-resources.sh",
				"${PODS_ROOT}/GoogleMaps/Maps/Frameworks/GoogleMaps.framework/Resources/GoogleMaps.bundle",
				"${PODS_ROOT}/GooglePlaces/Frameworks/GooglePlaces.framework/Resources/GooglePlaces.bundle",
			);
			name = "[CP] Copy Pods Resources";
			outputPaths = (
				"${TARGET_BUILD_DIR}/${UNLOCALIZED_RESOURCES_FOLDER_PATH}/GoogleMaps.bundle",
				"${TARGET_BUILD_DIR}/${UNLOCALIZED_RESOURCES_FOLDER_PATH}/GooglePlaces.bundle",
			);
			runOnlyForDeploymentPostprocessing = 0;
			shellPath = /bin/sh;
			shellScript = "\"${SRCROOT}/Pods/Target Support Files/Pods-MovileHack/Pods-MovileHack-resources.sh\"\n";
			showEnvVarsInLog = 0;
		};
		8BD91E0022A3DBF6B258C02E /* [CP] Check Pods Manifest.lock */ = {
			isa = PBXShellScriptBuildPhase;
			buildActionMask = 2147483647;
			files = (
			);
			inputPaths = (
				"${PODS_PODFILE_DIR_PATH}/Podfile.lock",
				"${PODS_ROOT}/Manifest.lock",
			);
			name = "[CP] Check Pods Manifest.lock";
			outputPaths = (
				"$(DERIVED_FILE_DIR)/Pods-MovileHackTests-checkManifestLockResult.txt",
			);
			runOnlyForDeploymentPostprocessing = 0;
			shellPath = /bin/sh;
			shellScript = "diff \"${PODS_PODFILE_DIR_PATH}/Podfile.lock\" \"${PODS_ROOT}/Manifest.lock\" > /dev/null\nif [ $? != 0 ] ; then\n    # print error to STDERR\n    echo \"error: The sandbox is not in sync with the Podfile.lock. Run 'pod install' or update your CocoaPods installation.\" >&2\n    exit 1\nfi\n# This output is used by Xcode 'outputs' to avoid re-running this script phase.\necho \"SUCCESS\" > \"${SCRIPT_OUTPUT_FILE_0}\"\n";
			showEnvVarsInLog = 0;
		};
		AB26309C785E25BEDC3715B2 /* [CP] Check Pods Manifest.lock */ = {
			isa = PBXShellScriptBuildPhase;
			buildActionMask = 2147483647;
			files = (
			);
			inputPaths = (
				"${PODS_PODFILE_DIR_PATH}/Podfile.lock",
				"${PODS_ROOT}/Manifest.lock",
			);
			name = "[CP] Check Pods Manifest.lock";
			outputPaths = (
				"$(DERIVED_FILE_DIR)/Pods-MovileHack-checkManifestLockResult.txt",
			);
			runOnlyForDeploymentPostprocessing = 0;
			shellPath = /bin/sh;
			shellScript = "diff \"${PODS_PODFILE_DIR_PATH}/Podfile.lock\" \"${PODS_ROOT}/Manifest.lock\" > /dev/null\nif [ $? != 0 ] ; then\n    # print error to STDERR\n    echo \"error: The sandbox is not in sync with the Podfile.lock. Run 'pod install' or update your CocoaPods installation.\" >&2\n    exit 1\nfi\n# This output is used by Xcode 'outputs' to avoid re-running this script phase.\necho \"SUCCESS\" > \"${SCRIPT_OUTPUT_FILE_0}\"\n";
			showEnvVarsInLog = 0;
		};
		F6163971365E68C13FC5C985 /* [CP] Embed Pods Frameworks */ = {
			isa = PBXShellScriptBuildPhase;
			buildActionMask = 2147483647;
			files = (
			);
			inputPaths = (
				"${SRCROOT}/Pods/Target Support Files/Pods-MovileHack/Pods-MovileHack-frameworks.sh",
				"${BUILT_PRODUCTS_DIR}/Alamofire/Alamofire.framework",
				"${BUILT_PRODUCTS_DIR}/Stripe/Stripe.framework",
				"${BUILT_PRODUCTS_DIR}/SwiftyJSON/SwiftyJSON.framework",
			);
			name = "[CP] Embed Pods Frameworks";
			outputPaths = (
				"${TARGET_BUILD_DIR}/${FRAMEWORKS_FOLDER_PATH}/Alamofire.framework",
				"${TARGET_BUILD_DIR}/${FRAMEWORKS_FOLDER_PATH}/Stripe.framework",
				"${TARGET_BUILD_DIR}/${FRAMEWORKS_FOLDER_PATH}/SwiftyJSON.framework",
			);
			runOnlyForDeploymentPostprocessing = 0;
			shellPath = /bin/sh;
			shellScript = "\"${SRCROOT}/Pods/Target Support Files/Pods-MovileHack/Pods-MovileHack-frameworks.sh\"\n";
			showEnvVarsInLog = 0;
		};
/* End PBXShellScriptBuildPhase section */

/* Begin PBXSourcesBuildPhase section */
		E48BF7FB21288A8100B6C514 /* Sources */ = {
			isa = PBXSourcesBuildPhase;
			buildActionMask = 2147483647;
			files = (
				E48BF8562128A98C00B6C514 /* RegisterMenuViewController.swift in Sources */,
				E48BF8542128A98100B6C514 /* RegisterMealViewController.swift in Sources */,
				A7A0FDD42128C83400E76759 /* ProductSelectionSectionHeaderView.swift in Sources */,
				E48BF8482128A93600B6C514 /* MarketViewController.swift in Sources */,
				E48BF8772128C57F00B6C514 /* TabBarController.swift in Sources */,
				E48BF8462128A92C00B6C514 /* LoginViewController.swift in Sources */,
				E48BF86C2128B7DF00B6C514 /* ProductSelectionViewController.swift in Sources */,
				E48BF8832128C6AF00B6C514 /* ProfileViewController.swift in Sources */,
				E48BF86A2128B68100B6C514 /* MealQuantityViewController.swift in Sources */,
				E4AC538C2128CACC002059C5 /* UIColorExtension.swift in Sources */,
				E48BF8602128A9B800B6C514 /* ShoppingCartViewController.swift in Sources */,
				A7A0FDCF2128C5CC00E76759 /* ProductSelectionTableViewCell.swift in Sources */,
				A7A0FDD82128C8D000E76759 /* BaseView.swift in Sources */,
				A74423DF2128B4AF00FDF37D /* Meal.swift in Sources */,
				E48BF85E2128A9B000B6C514 /* SearchViewController.swift in Sources */,
				E48BF85A2128A9A000B6C514 /* RegisterPurveyorViewController.swift in Sources */,
				E48BF84E2128A95600B6C514 /* ShowProductViewController.swift in Sources */,
				E48BF8442128A92400B6C514 /* GraphsViewController.swift in Sources */,
				E48BF84C2128A94D00B6C514 /* ShowMenuViewController.swift in Sources */,
				E48BF8502128A96000B6C514 /* ShowPurveyorViewController.swift in Sources */,
				E48BF8722128BB8200B6C514 /* Product.swift in Sources */,
				E48BF85C2128A9A900B6C514 /* RegisterRestaurantViewController.swift in Sources */,
				A7A0FDDA2128DD5400E76759 /* BaseViewController.swift in Sources */,
				A74423DD2128B40A00FDF37D /* MyMealsViewController.swift in Sources */,
				E48BF83D2128A42A00B6C514 /* NavigationConstants.swift in Sources */,
				E48BF8522128A97500B6C514 /* ShowRestaurantViewController.swift in Sources */,
				A74423E92128BFA600FDF37D /* CTAButton.swift in Sources */,
				A74423E52128B5A400FDF37D /* MyMealsTableViewCell.swift in Sources */,
				E48BF8582128A99500B6C514 /* RegisterProductViewController.swift in Sources */,
				E48BF84A2128A94300B6C514 /* ShowMealViewController.swift in Sources */,
				E48BF83F2128A5CD00B6C514 /* PaymentViewController.swift in Sources */,
				E48BF83A2128A3FB00B6C514 /* StoryboardExtension.swift in Sources */,
				E48BF8642128A9C900B6C514 /* Serivce.swift in Sources */,
				E48BF80321288A8100B6C514 /* AppDelegate.swift in Sources */,
				E48BF8622128A9C200B6C514 /* Parser.swift in Sources */,
				E48BF8702128B95100B6C514 /* ImageUtils.swift in Sources */,
				E48BF87C2128C64100B6C514 /* ProductsViewController.swift in Sources */,
			);
			runOnlyForDeploymentPostprocessing = 0;
		};
		E48BF80F21288A8200B6C514 /* Sources */ = {
			isa = PBXSourcesBuildPhase;
			buildActionMask = 2147483647;
			files = (
				E48BF81821288A8200B6C514 /* MovileHackTests.swift in Sources */,
			);
			runOnlyForDeploymentPostprocessing = 0;
		};
/* End PBXSourcesBuildPhase section */

/* Begin PBXTargetDependency section */
		E48BF81521288A8200B6C514 /* PBXTargetDependency */ = {
			isa = PBXTargetDependency;
			target = E48BF7FE21288A8100B6C514 /* MovileHack */;
			targetProxy = E48BF81421288A8200B6C514 /* PBXContainerItemProxy */;
		};
/* End PBXTargetDependency section */

/* Begin PBXVariantGroup section */
		E48BF80621288A8100B6C514 /* Main.storyboard */ = {
			isa = PBXVariantGroup;
			children = (
				E48BF80721288A8100B6C514 /* Base */,
			);
			name = Main.storyboard;
			sourceTree = "<group>";
		};
		E48BF80B21288A8200B6C514 /* LaunchScreen.storyboard */ = {
			isa = PBXVariantGroup;
			children = (
				E48BF80C21288A8200B6C514 /* Base */,
			);
			name = LaunchScreen.storyboard;
			sourceTree = "<group>";
		};
/* End PBXVariantGroup section */

/* Begin XCBuildConfiguration section */
		E48BF81A21288A8200B6C514 /* Debug */ = {
			isa = XCBuildConfiguration;
			buildSettings = {
				ALWAYS_SEARCH_USER_PATHS = NO;
				CLANG_ANALYZER_NONNULL = YES;
				CLANG_ANALYZER_NUMBER_OBJECT_CONVERSION = YES_AGGRESSIVE;
				CLANG_CXX_LANGUAGE_STANDARD = "gnu++14";
				CLANG_CXX_LIBRARY = "libc++";
				CLANG_ENABLE_MODULES = YES;
				CLANG_ENABLE_OBJC_ARC = YES;
				CLANG_ENABLE_OBJC_WEAK = YES;
				CLANG_WARN_BLOCK_CAPTURE_AUTORELEASING = YES;
				CLANG_WARN_BOOL_CONVERSION = YES;
				CLANG_WARN_COMMA = YES;
				CLANG_WARN_CONSTANT_CONVERSION = YES;
				CLANG_WARN_DEPRECATED_OBJC_IMPLEMENTATIONS = YES;
				CLANG_WARN_DIRECT_OBJC_ISA_USAGE = YES_ERROR;
				CLANG_WARN_DOCUMENTATION_COMMENTS = YES;
				CLANG_WARN_EMPTY_BODY = YES;
				CLANG_WARN_ENUM_CONVERSION = YES;
				CLANG_WARN_INFINITE_RECURSION = YES;
				CLANG_WARN_INT_CONVERSION = YES;
				CLANG_WARN_NON_LITERAL_NULL_CONVERSION = YES;
				CLANG_WARN_OBJC_IMPLICIT_RETAIN_SELF = YES;
				CLANG_WARN_OBJC_LITERAL_CONVERSION = YES;
				CLANG_WARN_OBJC_ROOT_CLASS = YES_ERROR;
				CLANG_WARN_RANGE_LOOP_ANALYSIS = YES;
				CLANG_WARN_STRICT_PROTOTYPES = YES;
				CLANG_WARN_SUSPICIOUS_MOVE = YES;
				CLANG_WARN_UNGUARDED_AVAILABILITY = YES_AGGRESSIVE;
				CLANG_WARN_UNREACHABLE_CODE = YES;
				CLANG_WARN__DUPLICATE_METHOD_MATCH = YES;
				CODE_SIGN_IDENTITY = "iPhone Developer";
				COPY_PHASE_STRIP = NO;
				DEBUG_INFORMATION_FORMAT = dwarf;
				ENABLE_STRICT_OBJC_MSGSEND = YES;
				ENABLE_TESTABILITY = YES;
				GCC_C_LANGUAGE_STANDARD = gnu11;
				GCC_DYNAMIC_NO_PIC = NO;
				GCC_NO_COMMON_BLOCKS = YES;
				GCC_OPTIMIZATION_LEVEL = 0;
				GCC_PREPROCESSOR_DEFINITIONS = (
					"DEBUG=1",
					"$(inherited)",
				);
				GCC_WARN_64_TO_32_BIT_CONVERSION = YES;
				GCC_WARN_ABOUT_RETURN_TYPE = YES_ERROR;
				GCC_WARN_UNDECLARED_SELECTOR = YES;
				GCC_WARN_UNINITIALIZED_AUTOS = YES_AGGRESSIVE;
				GCC_WARN_UNUSED_FUNCTION = YES;
				GCC_WARN_UNUSED_VARIABLE = YES;
				IPHONEOS_DEPLOYMENT_TARGET = 11.4;
				MTL_ENABLE_DEBUG_INFO = YES;
				ONLY_ACTIVE_ARCH = YES;
				SDKROOT = iphoneos;
				SWIFT_ACTIVE_COMPILATION_CONDITIONS = DEBUG;
				SWIFT_OPTIMIZATION_LEVEL = "-Onone";
			};
			name = Debug;
		};
		E48BF81B21288A8200B6C514 /* Release */ = {
			isa = XCBuildConfiguration;
			buildSettings = {
				ALWAYS_SEARCH_USER_PATHS = NO;
				CLANG_ANALYZER_NONNULL = YES;
				CLANG_ANALYZER_NUMBER_OBJECT_CONVERSION = YES_AGGRESSIVE;
				CLANG_CXX_LANGUAGE_STANDARD = "gnu++14";
				CLANG_CXX_LIBRARY = "libc++";
				CLANG_ENABLE_MODULES = YES;
				CLANG_ENABLE_OBJC_ARC = YES;
				CLANG_ENABLE_OBJC_WEAK = YES;
				CLANG_WARN_BLOCK_CAPTURE_AUTORELEASING = YES;
				CLANG_WARN_BOOL_CONVERSION = YES;
				CLANG_WARN_COMMA = YES;
				CLANG_WARN_CONSTANT_CONVERSION = YES;
				CLANG_WARN_DEPRECATED_OBJC_IMPLEMENTATIONS = YES;
				CLANG_WARN_DIRECT_OBJC_ISA_USAGE = YES_ERROR;
				CLANG_WARN_DOCUMENTATION_COMMENTS = YES;
				CLANG_WARN_EMPTY_BODY = YES;
				CLANG_WARN_ENUM_CONVERSION = YES;
				CLANG_WARN_INFINITE_RECURSION = YES;
				CLANG_WARN_INT_CONVERSION = YES;
				CLANG_WARN_NON_LITERAL_NULL_CONVERSION = YES;
				CLANG_WARN_OBJC_IMPLICIT_RETAIN_SELF = YES;
				CLANG_WARN_OBJC_LITERAL_CONVERSION = YES;
				CLANG_WARN_OBJC_ROOT_CLASS = YES_ERROR;
				CLANG_WARN_RANGE_LOOP_ANALYSIS = YES;
				CLANG_WARN_STRICT_PROTOTYPES = YES;
				CLANG_WARN_SUSPICIOUS_MOVE = YES;
				CLANG_WARN_UNGUARDED_AVAILABILITY = YES_AGGRESSIVE;
				CLANG_WARN_UNREACHABLE_CODE = YES;
				CLANG_WARN__DUPLICATE_METHOD_MATCH = YES;
				CODE_SIGN_IDENTITY = "iPhone Developer";
				COPY_PHASE_STRIP = NO;
				DEBUG_INFORMATION_FORMAT = "dwarf-with-dsym";
				ENABLE_NS_ASSERTIONS = NO;
				ENABLE_STRICT_OBJC_MSGSEND = YES;
				GCC_C_LANGUAGE_STANDARD = gnu11;
				GCC_NO_COMMON_BLOCKS = YES;
				GCC_WARN_64_TO_32_BIT_CONVERSION = YES;
				GCC_WARN_ABOUT_RETURN_TYPE = YES_ERROR;
				GCC_WARN_UNDECLARED_SELECTOR = YES;
				GCC_WARN_UNINITIALIZED_AUTOS = YES_AGGRESSIVE;
				GCC_WARN_UNUSED_FUNCTION = YES;
				GCC_WARN_UNUSED_VARIABLE = YES;
				IPHONEOS_DEPLOYMENT_TARGET = 11.4;
				MTL_ENABLE_DEBUG_INFO = NO;
				SDKROOT = iphoneos;
				SWIFT_COMPILATION_MODE = wholemodule;
				SWIFT_OPTIMIZATION_LEVEL = "-O";
				VALIDATE_PRODUCT = YES;
			};
			name = Release;
		};
		E48BF81D21288A8200B6C514 /* Debug */ = {
			isa = XCBuildConfiguration;
			baseConfigurationReference = 6669EEEB24871809EAD615AA /* Pods-MovileHack.debug.xcconfig */;
			buildSettings = {
				ASSETCATALOG_COMPILER_APPICON_NAME = AppIcon;
				CODE_SIGN_STYLE = Automatic;
				DEVELOPMENT_TEAM = XM356C548D;
				INFOPLIST_FILE = MovileHack/Info.plist;
				LD_RUNPATH_SEARCH_PATHS = (
					"$(inherited)",
					"@executable_path/Frameworks",
				);
				PRODUCT_BUNDLE_IDENTIFIER = com.yasminbenatti.MovileHack;
				PRODUCT_NAME = "$(TARGET_NAME)";
				SWIFT_VERSION = 4.0;
				TARGETED_DEVICE_FAMILY = "1,2";
			};
			name = Debug;
		};
		E48BF81E21288A8200B6C514 /* Release */ = {
			isa = XCBuildConfiguration;
			baseConfigurationReference = 3A0CFEEDB55031C6195B1EAD /* Pods-MovileHack.release.xcconfig */;
			buildSettings = {
				ASSETCATALOG_COMPILER_APPICON_NAME = AppIcon;
				CODE_SIGN_STYLE = Automatic;
				DEVELOPMENT_TEAM = XM356C548D;
				INFOPLIST_FILE = MovileHack/Info.plist;
				LD_RUNPATH_SEARCH_PATHS = (
					"$(inherited)",
					"@executable_path/Frameworks",
				);
				PRODUCT_BUNDLE_IDENTIFIER = com.yasminbenatti.MovileHack;
				PRODUCT_NAME = "$(TARGET_NAME)";
				SWIFT_VERSION = 4.0;
				TARGETED_DEVICE_FAMILY = "1,2";
			};
			name = Release;
		};
		E48BF82021288A8200B6C514 /* Debug */ = {
			isa = XCBuildConfiguration;
			baseConfigurationReference = 0EEBC532DCDA70C95E49642A /* Pods-MovileHackTests.debug.xcconfig */;
			buildSettings = {
				ALWAYS_EMBED_SWIFT_STANDARD_LIBRARIES = YES;
				BUNDLE_LOADER = "$(TEST_HOST)";
				CODE_SIGN_STYLE = Automatic;
				INFOPLIST_FILE = MovileHackTests/Info.plist;
				LD_RUNPATH_SEARCH_PATHS = (
					"$(inherited)",
					"@executable_path/Frameworks",
					"@loader_path/Frameworks",
				);
				PRODUCT_BUNDLE_IDENTIFIER = com.yasminbenatti.MovileHackTests;
				PRODUCT_NAME = "$(TARGET_NAME)";
				SWIFT_VERSION = 4.0;
				TARGETED_DEVICE_FAMILY = "1,2";
				TEST_HOST = "$(BUILT_PRODUCTS_DIR)/MovileHack.app/MovileHack";
			};
			name = Debug;
		};
		E48BF82121288A8200B6C514 /* Release */ = {
			isa = XCBuildConfiguration;
			baseConfigurationReference = 924F6814E0480923EBB998C5 /* Pods-MovileHackTests.release.xcconfig */;
			buildSettings = {
				ALWAYS_EMBED_SWIFT_STANDARD_LIBRARIES = YES;
				BUNDLE_LOADER = "$(TEST_HOST)";
				CODE_SIGN_STYLE = Automatic;
				INFOPLIST_FILE = MovileHackTests/Info.plist;
				LD_RUNPATH_SEARCH_PATHS = (
					"$(inherited)",
					"@executable_path/Frameworks",
					"@loader_path/Frameworks",
				);
				PRODUCT_BUNDLE_IDENTIFIER = com.yasminbenatti.MovileHackTests;
				PRODUCT_NAME = "$(TARGET_NAME)";
				SWIFT_VERSION = 4.0;
				TARGETED_DEVICE_FAMILY = "1,2";
				TEST_HOST = "$(BUILT_PRODUCTS_DIR)/MovileHack.app/MovileHack";
			};
			name = Release;
		};
/* End XCBuildConfiguration section */

/* Begin XCConfigurationList section */
		E48BF7FA21288A8100B6C514 /* Build configuration list for PBXProject "MovileHack" */ = {
			isa = XCConfigurationList;
			buildConfigurations = (
				E48BF81A21288A8200B6C514 /* Debug */,
				E48BF81B21288A8200B6C514 /* Release */,
			);
			defaultConfigurationIsVisible = 0;
			defaultConfigurationName = Release;
		};
		E48BF81C21288A8200B6C514 /* Build configuration list for PBXNativeTarget "MovileHack" */ = {
			isa = XCConfigurationList;
			buildConfigurations = (
				E48BF81D21288A8200B6C514 /* Debug */,
				E48BF81E21288A8200B6C514 /* Release */,
			);
			defaultConfigurationIsVisible = 0;
			defaultConfigurationName = Release;
		};
		E48BF81F21288A8200B6C514 /* Build configuration list for PBXNativeTarget "MovileHackTests" */ = {
			isa = XCConfigurationList;
			buildConfigurations = (
				E48BF82021288A8200B6C514 /* Debug */,
				E48BF82121288A8200B6C514 /* Release */,
			);
			defaultConfigurationIsVisible = 0;
			defaultConfigurationName = Release;
		};
/* End XCConfigurationList section */
	};
	rootObject = E48BF7F721288A8100B6C514 /* Project object */;
}
